// !$*UTF8*$!
{
	archiveVersion = 1;
	classes = {
	};
	objectVersion = 46;
	objects = {

/* Begin PBXBuildFile section */
		151BC8361E5305FC00FD9828 /* main.m in Sources */ = {isa = PBXBuildFile; fileRef = 151BC8351E5305FC00FD9828 /* main.m */; };
		151BC8391E5305FC00FD9828 /* AppDelegate.m in Sources */ = {isa = PBXBuildFile; fileRef = 151BC8381E5305FC00FD9828 /* AppDelegate.m */; };
		151BC83C1E5305FC00FD9828 /* ViewController.m in Sources */ = {isa = PBXBuildFile; fileRef = 151BC83B1E5305FC00FD9828 /* ViewController.m */; };
		151BC83F1E5305FC00FD9828 /* Main.storyboard in Resources */ = {isa = PBXBuildFile; fileRef = 151BC83D1E5305FC00FD9828 /* Main.storyboard */; };
		151BC8411E5305FC00FD9828 /* Assets.xcassets in Resources */ = {isa = PBXBuildFile; fileRef = 151BC8401E5305FC00FD9828 /* Assets.xcassets */; };
		151BC8441E5305FC00FD9828 /* LaunchScreen.storyboard in Resources */ = {isa = PBXBuildFile; fileRef = 151BC8421E5305FC00FD9828 /* LaunchScreen.storyboard */; };
		151BC84D1E53069000FD9828 /* CheckBox.m in Sources */ = {isa = PBXBuildFile; fileRef = 151BC84C1E53069000FD9828 /* CheckBox.m */; };
/* End PBXBuildFile section */

/* Begin PBXFileReference section */
		151BC8311E5305FC00FD9828 /* IBDesignDemo.app */ = {isa = PBXFileReference; explicitFileType = wrapper.application; includeInIndex = 0; path = IBDesignDemo.app; sourceTree = BUILT_PRODUCTS_DIR; };
		151BC8351E5305FC00FD9828 /* main.m */ = {isa = PBXFileReference; lastKnownFileType = sourcecode.c.objc; path = main.m; sourceTree = "<group>"; };
		151BC8371E5305FC00FD9828 /* AppDelegate.h */ = {isa = PBXFileReference; lastKnownFileType = sourcecode.c.h; path = AppDelegate.h; sourceTree = "<group>"; };
		151BC8381E5305FC00FD9828 /* AppDelegate.m */ = {isa = PBXFileReference; lastKnownFileType = sourcecode.c.objc; path = AppDelegate.m; sourceTree = "<group>"; };
		151BC83A1E5305FC00FD9828 /* ViewController.h */ = {isa = PBXFileReference; lastKnownFileType = sourcecode.c.h; path = ViewController.h; sourceTree = "<group>"; };
		151BC83B1E5305FC00FD9828 /* ViewController.m */ = {isa = PBXFileReference; lastKnownFileType = sourcecode.c.objc; path = ViewController.m; sourceTree = "<group>"; };
		151BC83E1E5305FC00FD9828 /* Base */ = {isa = PBXFileReference; lastKnownFileType = file.storyboard; name = Base; path = Base.lproj/Main.storyboard; sourceTree = "<group>"; };
		151BC8401E5305FC00FD9828 /* Assets.xcassets */ = {isa = PBXFileReference; lastKnownFileType = folder.assetcatalog; path = Assets.xcassets; sourceTree = "<group>"; };
		151BC8431E5305FC00FD9828 /* Base */ = {isa = PBXFileReference; lastKnownFileType = file.storyboard; name = Base; path = Base.lproj/LaunchScreen.storyboard; sourceTree = "<group>"; };
		151BC8451E5305FC00FD9828 /* Info.plist */ = {isa = PBXFileReference; lastKnownFileType = text.plist.xml; path = Info.plist; sourceTree = "<group>"; };
		151BC84B1E53069000FD9828 /* CheckBox.h */ = {isa = PBXFileReference; fileEncoding = 4; lastKnownFileType = sourcecode.c.h; path = CheckBox.h; sourceTree = "<group>"; };
		151BC84C1E53069000FD9828 /* CheckBox.m */ = {isa = PBXFileReference; fileEncoding = 4; lastKnownFileType = sourcecode.c.objc; path = CheckBox.m; sourceTree = "<group>"; };
/* End PBXFileReference section */

/* Begin PBXFrameworksBuildPhase section */
		151BC82E1E5305F900FD9828 /* Frameworks */ = {
			isa = PBXFrameworksBuildPhase;
			buildActionMask = 2147483647;
			files = (
			);
			runOnlyForDeploymentPostprocessing = 0;
		};
/* End PBXFrameworksBuildPhase section */

/* Begin PBXGroup section */
		151BC8281E5305F900FD9828 = {
			isa = PBXGroup;
			children = (
				151BC8331E5305FC00FD9828 /* IBDesignDemo */,
				151BC8321E5305FC00FD9828 /* Products */,
			);
			sourceTree = "<group>";
		};
		151BC8321E5305FC00FD9828 /* Products */ = {
			isa = PBXGroup;
			children = (
				151BC8311E5305FC00FD9828 /* IBDesignDemo.app */,
			);
			name = Products;
			sourceTree = "<group>";
		};
		151BC8331E5305FC00FD9828 /* IBDesignDemo */ = {
			isa = PBXGroup;
			children = (
				151BC8371E5305FC00FD9828 /* AppDelegate.h */,
				151BC8381E5305FC00FD9828 /* AppDelegate.m */,
				151BC83A1E5305FC00FD9828 /* ViewController.h */,
				151BC83B1E5305FC00FD9828 /* ViewController.m */,
				151BC83D1E5305FC00FD9828 /* Main.storyboard */,
				151BC8401E5305FC00FD9828 /* Assets.xcassets */,
				151BC8421E5305FC00FD9828 /* LaunchScreen.storyboard */,
				151BC8451E5305FC00FD9828 /* Info.plist */,
				151BC8341E5305FC00FD9828 /* Supporting Files */,
				151BC84B1E53069000FD9828 /* CheckBox.h */,
				151BC84C1E53069000FD9828 /* CheckBox.m */,
			);
			path = IBDesignDemo;
			sourceTree = "<group>";
		};
		151BC8341E5305FC00FD9828 /* Supporting Files */ = {
			isa = PBXGroup;
			children = (
				151BC8351E5305FC00FD9828 /* main.m */,
			);
			name = "Supporting Files";
			sourceTree = "<group>";
		};
/* End PBXGroup section */

/* Begin PBXNativeTarget section */
		151BC8301E5305F900FD9828 /* IBDesignDemo */ = {
			isa = PBXNativeTarget;
			buildConfigurationList = 151BC8481E5305FC00FD9828 /* Build configuration list for PBXNativeTarget "IBDesignDemo" */;
			buildPhases = (
				151BC82D1E5305F900FD9828 /* Sources */,
				151BC82E1E5305F900FD9828 /* Frameworks */,
				151BC82F1E5305F900FD9828 /* Resources */,
			);
			buildRules = (
			);
			dependencies = (
			);
			name = IBDesignDemo;
			productName = IBDesignDemo;
			productReference = 151BC8311E5305FC00FD9828 /* IBDesignDemo.app */;
			productType = "com.apple.product-type.application";
		};
/* End PBXNativeTarget section */

/* Begin PBXProject section */
		151BC8291E5305F900FD9828 /* Project object */ = {
			isa = PBXProject;
			attributes = {
				LastUpgradeCheck = 0810;
				ORGANIZATIONNAME = "Mohini Sindhu ";
				TargetAttributes = {
					151BC8301E5305F900FD9828 = {
						CreatedOnToolsVersion = 8.1;
						ProvisioningStyle = Automatic;
					};
				};
			};
			buildConfigurationList = 151BC82C1E5305F900FD9828 /* Build configuration list for PBXProject "IBDesignDemo" */;
			compatibilityVersion = "Xcode 3.2";
			developmentRegion = English;
			hasScannedForEncodings = 0;
			knownRegions = (
				en,
				Base,
			);
			mainGroup = 151BC8281E5305F900FD9828;
			productRefGroup = 151BC8321E5305FC00FD9828 /* Products */;
			projectDirPath = "";
			projectRoot = "";
			targets = (
				151BC8301E5305F900FD9828 /* IBDesignDemo */,
			);
		};
/* End PBXProject section */

/* Begin PBXResourcesBuildPhase section */
		151BC82F1E5305F900FD9828 /* Resources */ = {
			isa = PBXResourcesBuildPhase;
			buildActionMask = 2147483647;
			files = (
				151BC8441E5305FC00FD9828 /* LaunchScreen.storyboard in Resources */,
				151BC8411E5305FC00FD9828 /* Assets.xcassets in Resources */,
				151BC83F1E5305FC00FD9828 /* Main.storyboard in Resources */,
			);
			runOnlyForDeploymentPostprocessing = 0;
		};
/* End PBXResourcesBuildPhase section */

/* Begin PBXSourcesBuildPhase section */
		151BC82D1E5305F900FD9828 /* Sources */ = {
			isa = PBXSourcesBuildPhase;
			buildActionMask = 2147483647;
			files = (
				151BC84D1E53069000FD9828 /* CheckBox.m in Sources */,
				151BC83C1E5305FC00FD9828 /* ViewController.m in Sources */,
				151BC8391E5305FC00FD9828 /* AppDelegate.m in Sources */,
				151BC8361E5305FC00FD9828 /* main.m in Sources */,
			);
			runOnlyForDeploymentPostprocessing = 0;
		};
/* End PBXSourcesBuildPhase section */

/* Begin PBXVariantGroup section */
		151BC83D1E5305FC00FD9828 /* Main.storyboard */ = {
			isa = PBXVariantGroup;
			children = (
				151BC83E1E5305FC00FD9828 /* Base */,
			);
			name = Main.storyboard;
			sourceTree = "<group>";
		};
		151BC8421E5305FC00FD9828 /* LaunchScreen.storyboard */ = {
			isa = PBXVariantGroup;
			children = (
				151BC8431E5305FC00FD9828 /* Base */,
			);
			name = LaunchScreen.storyboard;
			sourceTree = "<group>";
		};
/* End PBXVariantGroup section */

/* Begin XCBuildConfiguration section */
		151BC8461E5305FC00FD9828 /* Debug */ = {
			isa = XCBuildConfiguration;
			buildSettings = {
				ALWAYS_SEARCH_USER_PATHS = NO;
				CLANG_ANALYZER_NONNULL = YES;
				CLANG_CXX_LANGUAGE_STANDARD = "gnu++0x";
				CLANG_CXX_LIBRARY = "libc++";
				CLANG_ENABLE_MODULES = YES;
				CLANG_ENABLE_OBJC_ARC = YES;
				CLANG_WARN_BOOL_CONVERSION = YES;
				CLANG_WARN_CONSTANT_CONVERSION = YES;
				CLANG_WARN_DIRECT_OBJC_ISA_USAGE = YES_ERROR;
				CLANG_WARN_DOCUMENTATION_COMMENTS = YES;
				CLANG_WARN_EMPTY_BODY = YES;
				CLANG_WARN_ENUM_CONVERSION = YES;
				CLANG_WARN_INFINITE_RECURSION = YES;
				CLANG_WARN_INT_CONVERSION = YES;
				CLANG_WARN_OBJC_ROOT_CLASS = YES_ERROR;
				CLANG_WARN_SUSPICIOUS_MOVES = YES;
				CLANG_WARN_UNREACHABLE_CODE = YES;
				CLANG_WARN__DUPLICATE_METHOD_MATCH = YES;
				"CODE_SIGN_IDENTITY[sdk=iphoneos*]" = "iPhone Developer";
				COPY_PHASE_STRIP = NO;
				DEBUG_INFORMATION_FORMAT = dwarf;
				ENABLE_STRICT_OBJC_MSGSEND = YES;
				ENABLE_TESTABILITY = YES;
				GCC_C_LANGUAGE_STANDARD = gnu99;
				GCC_DYNAMIC_NO_PIC = NO;
				GCC_NO_COMMON_BLOCKS = YES;
				GCC_OPTIMIZATION_LEVEL = 0;
				GCC_PREPROCESSOR_DEFINITIONS = (
					"DEBUG=1",
					"$(inherited)",
				);
				GCC_WARN_64_TO_32_BIT_CONVERSION = YES;
				GCC_WARN_ABOUT_RETURN_TYPE = YES_ERROR;
				GCC_WARN_UNDECLARED_SELECTOR = YES;
				GCC_WARN_UNINITIALIZED_AUTOS = YES_AGGRESSIVE;
				GCC_WARN_UNUSED_FUNCTION = YES;
				GCC_WARN_UNUSED_VARIABLE = YES;
				IPHONEOS_DEPLOYMENT_TARGET = 10.1;
				MTL_ENABLE_DEBUG_INFO = YES;
				ONLY_ACTIVE_ARCH = YES;
				SDKROOT = iphoneos;
			};
			name = Debug;
		};
		151BC8471E5305FC00FD9828 /* Release */ = {
			isa = XCBuildConfiguration;
			buildSettings = {
				ALWAYS_SEARCH_USER_PATHS = NO;
				CLANG_ANALYZER_NONNULL = YES;
				CLANG_CXX_LANGUAGE_STANDARD = "gnu++0x";
				CLANG_CXX_LIBRARY = "libc++";
				CLANG_ENABLE_MODULES = YES;
				CLANG_ENABLE_OBJC_ARC = YES;
				CLANG_WARN_BOOL_CONVERSION = YES;
				CLANG_WARN_CONSTANT_CONVERSION = YES;
				CLANG_WARN_DIRECT_OBJC_ISA_USAGE = YES_ERROR;
				CLANG_WARN_DOCUMENTATION_COMMENTS = YES;
				CLANG_WARN_EMPTY_BODY = YES;
				CLANG_WARN_ENUM_CONVERSION = YES;
				CLANG_WARN_INFINITE_RECURSION = YES;
				CLANG_WARN_INT_CONVERSION = YES;
				CLANG_WARN_OBJC_ROOT_CLASS = YES_ERROR;
				CLANG_WARN_SUSPICIOUS_MOVES = YES;
				CLANG_WARN_UNREACHABLE_CODE = YES;
				CLANG_WARN__DUPLICATE_METHOD_MATCH = YES;
				"CODE_SIGN_IDENTITY[sdk=iphoneos*]" = "iPhone Developer";
				COPY_PHASE_STRIP = NO;
				DEBUG_INFORMATION_FORMAT = "dwarf-with-dsym";
				ENABLE_NS_ASSERTIONS = NO;
				ENABLE_STRICT_OBJC_MSGSEND = YES;
				GCC_C_LANGUAGE_STANDARD = gnu99;
				GCC_NO_COMMON_BLOCKS = YES;
				GCC_WARN_64_TO_32_BIT_CONVERSION = YES;
				GCC_WARN_ABOUT_RETURN_TYPE = YES_ERROR;
				GCC_WARN_UNDECLARED_SELECTOR = YES;
				GCC_WARN_UNINITIALIZED_AUTOS = YES_AGGRESSIVE;
				GCC_WARN_UNUSED_FUNCTION = YES;
				GCC_WARN_UNUSED_VARIABLE = YES;
				IPHONEOS_DEPLOYMENT_TARGET = 10.1;
				MTL_ENABLE_DEBUG_INFO = NO;
				SDKROOT = iphoneos;
				VALIDATE_PRODUCT = YES;
			};
			name = Release;
		};
		151BC8491E5305FC00FD9828 /* Debug */ = {
			isa = XCBuildConfiguration;
			buildSettings = {
				ASSETCATALOG_COMPILER_APPICON_NAME = AppIcon;
				INFOPLIST_FILE = IBDesignDemo/Info.plist;
				LD_RUNPATH_SEARCH_PATHS = "$(inherited) @executable_path/Frameworks";
				PRODUCT_BUNDLE_IDENTIFIER = mohini.IBDesignDemo;
				PRODUCT_NAME = "$(TARGET_NAME)";
			};
			name = Debug;
		};
		151BC84A1E5305FC00FD9828 /* Release */ = {
			isa = XCBuildConfiguration;
			buildSettings = {
				ASSETCATALOG_COMPILER_APPICON_NAME = AppIcon;
				INFOPLIST_FILE = IBDesignDemo/Info.plist;
				LD_RUNPATH_SEARCH_PATHS = "$(inherited) @executable_path/Frameworks";
				PRODUCT_BUNDLE_IDENTIFIER = mohini.IBDesignDemo;
				PRODUCT_NAME = "$(TARGET_NAME)";
			};
			name = Release;
		};
/* End XCBuildConfiguration section */

/* Begin XCConfigurationList section */
		151BC82C1E5305F900FD9828 /* Build configuration list for PBXProject "IBDesignDemo" */ = {
			isa = XCConfigurationList;
			buildConfigurations = (
				151BC8461E5305FC00FD9828 /* Debug */,
				151BC8471E5305FC00FD9828 /* Release */,
			);
			defaultConfigurationIsVisible = 0;
			defaultConfigurationName = Release;
		};
		151BC8481E5305FC00FD9828 /* Build configuration list for PBXNativeTarget "IBDesignDemo" */ = {
			isa = XCConfigurationList;
			buildConfigurations = (
				151BC8491E5305FC00FD9828 /* Debug */,
				151BC84A1E5305FC00FD9828 /* Release */,
			);
			defaultConfigurationIsVisible = 0;
		};
/* End XCConfigurationList section */
	};
	rootObject = 151BC8291E5305F900FD9828 /* Project object */;
}
